{
  "name": "111",
  "lockfileVersion": 3,
  "requires": true,
  "packages": {
    "": {
      "dependencies": {
        "animate.css": "^4.1.1",
        "gsap": "^3.12.7"
      }
    },
    "node_modules/animate.css": {
      "version": "4.1.1",
      "resolved": "https://registry.npmmirror.com/animate.css/-/animate.css-4.1.1.tgz",
      "integrity": "sha512-+mRmCTv6SbCmtYJCN4faJMNFVNN5EuCTTprDTAo7YzIGji2KADmakjVA3+8mVDkZ2Bf09vayB35lSQIex2+QaQ=="
    },
    "node_modules/gsap": {
      "version": "3.12.7",
      "resolved": "https://registry.npmmirror.com/gsap/-/gsap-3.12.7.tgz",
      "integrity": "sha512-V4GsyVamhmKefvcAKaoy0h6si0xX7ogwBoBSs2CTJwt7luW0oZzC0LhdkyuKV8PJAXr7Yaj8pMjCKD4GJ+eEMg=="
    }
  }
}
